
Microsoft Visual Studio Solution File, Format Version 12.00
# Visual Studio Version 17
VisualStudioVersion = 17.6.33815.320
MinimumVisualStudioVersion = 10.0.40219.1
Project("{FAE04EC0-301F-11D3-BF4B-00C04F79EFBC}") = "MouseFix", "MouseFix\MouseFix.csproj", "{761500EA-6296-4981-867F-FC7560CE016A}"
EndProject
Global
	GlobalSection(SolutionConfigurationPlatforms) = preSolution
		Debug|Any CPU = Debug|Any CPU
		Release|Any CPU = Release|Any CPU
	EndGlobalSection
	GlobalSection(ProjectConfigurationPlatforms) = postSolution
		{761500EA-6296-4981-867F-FC7560CE016A}.Debug|Any CPU.ActiveCfg = Debug|Any CPU
		{761500EA-6296-4981-867F-FC7560CE016A}.Debug|Any CPU.Build.0 = Debug|Any CPU
		{761500EA-6296-4981-867F-FC7560CE016A}.Release|Any CPU.ActiveCfg = Release|Any CPU
		{761500EA-6296-4981-867F-FC7560CE016A}.Release|Any CPU.Build.0 = Release|Any CPU
	EndGlobalSection
	GlobalSection(SolutionProperties) = preSolution
		HideSolutionNode = FALSE
	EndGlobalSection
	GlobalSection(ExtensibilityGlobals) = postSolution
		SolutionGuid = {C38433E7-7B3F-418E-A062-BB2680C9BE9A}
	EndGlobalSection
EndGlobal
